// !$*UTF8*$!
{
	archiveVersion = 1;
	classes = {
	};
	objectVersion = 50;
	objects = {

/* Begin PBXBuildFile section */
		2422DC7825F08B9D00C58CC5 /* ColorRoutineModel.swift in Sources */ = {isa = PBXBuildFile; fileRef = 2422DC7725F08B9D00C58CC5 /* ColorRoutineModel.swift */; };
		24585F6D25EE250C002A22D9 /* RoutinesItemView.swift in Sources */ = {isa = PBXBuildFile; fileRef = 24585F6C25EE250C002A22D9 /* RoutinesItemView.swift */; };
		24585F7725EE30A9002A22D9 /* ProgressBarView.swift in Sources */ = {isa = PBXBuildFile; fileRef = 24585F7625EE30A9002A22D9 /* ProgressBarView.swift */; };
		245915FD25E9285B00871715 /* todo_appApp.swift in Sources */ = {isa = PBXBuildFile; fileRef = 245915FC25E9285B00871715 /* todo_appApp.swift */; };
		245915FF25E9285B00871715 /* ContentView.swift in Sources */ = {isa = PBXBuildFile; fileRef = 245915FE25E9285B00871715 /* ContentView.swift */; };
		2459160125E9285F00871715 /* Assets.xcassets in Resources */ = {isa = PBXBuildFile; fileRef = 2459160025E9285F00871715 /* Assets.xcassets */; };
		2459160425E9285F00871715 /* Preview Assets.xcassets in Resources */ = {isa = PBXBuildFile; fileRef = 2459160325E9285F00871715 /* Preview Assets.xcassets */; };
		2459160625E9285F00871715 /* Persistence.swift in Sources */ = {isa = PBXBuildFile; fileRef = 2459160525E9285F00871715 /* Persistence.swift */; };
		2459160925E9285F00871715 /* todo_app.xcdatamodeld in Sources */ = {isa = PBXBuildFile; fileRef = 2459160725E9285F00871715 /* todo_app.xcdatamodeld */; };
		245B489B25EB62770094C1AB /* EmptyListView.swift in Sources */ = {isa = PBXBuildFile; fileRef = 245B489A25EB62770094C1AB /* EmptyListView.swift */; };
		245B489F25EB8F0A0094C1AB /* SettingsView.swift in Sources */ = {isa = PBXBuildFile; fileRef = 245B489E25EB8F0A0094C1AB /* SettingsView.swift */; };
		247193E325EDCECF00748C0C /* ThemeModel.swift in Sources */ = {isa = PBXBuildFile; fileRef = 247193E225EDCECF00748C0C /* ThemeModel.swift */; };
		247193E625EDCF8700748C0C /* ThemeData.swift in Sources */ = {isa = PBXBuildFile; fileRef = 247193E525EDCF8700748C0C /* ThemeData.swift */; };
		247193E925EDD0F300748C0C /* ThemeSettings.swift in Sources */ = {isa = PBXBuildFile; fileRef = 247193E825EDD0F300748C0C /* ThemeSettings.swift */; };
		2473D3EB25F07D0E009CCED5 /* Constants.swift in Sources */ = {isa = PBXBuildFile; fileRef = 2473D3EA25F07D0E009CCED5 /* Constants.swift */; };
		2473E61225E9F58A005E90F7 /* AddTodoView.swift in Sources */ = {isa = PBXBuildFile; fileRef = 2473E61125E9F58A005E90F7 /* AddTodoView.swift */; };
		24A530F925ECC92B00EE3933 /* FormRowStaticView.swift in Sources */ = {isa = PBXBuildFile; fileRef = 24A530F825ECC92B00EE3933 /* FormRowStaticView.swift */; };
		24A530FC25ECD48D00EE3933 /* FormRowLinkView.swift in Sources */ = {isa = PBXBuildFile; fileRef = 24A530FB25ECD48D00EE3933 /* FormRowLinkView.swift */; };
		24A5310125ECEFA600EE3933 /* EditTaskView.swift in Sources */ = {isa = PBXBuildFile; fileRef = 24A5310025ECEFA600EE3933 /* EditTaskView.swift */; };
		24A5310C25ECF01700EE3933 /* Green.png in Resources */ = {isa = PBXBuildFile; fileRef = 24A5310325ECF01600EE3933 /* Green.png */; };
		24A5310D25ECF01700EE3933 /* Pink Dark.png in Resources */ = {isa = PBXBuildFile; fileRef = 24A5310425ECF01600EE3933 /* Pink Dark.png */; };
		24A5310E25ECF01700EE3933 /* Blue Light.png in Resources */ = {isa = PBXBuildFile; fileRef = 24A5310525ECF01600EE3933 /* Blue Light.png */; };
		24A5310F25ECF01700EE3933 /* Pink Light.png in Resources */ = {isa = PBXBuildFile; fileRef = 24A5310625ECF01600EE3933 /* Pink Light.png */; };
		24A5311025ECF01700EE3933 /* Green Light.png in Resources */ = {isa = PBXBuildFile; fileRef = 24A5310725ECF01700EE3933 /* Green Light.png */; };
		24A5311125ECF01700EE3933 /* Green Dark.png in Resources */ = {isa = PBXBuildFile; fileRef = 24A5310825ECF01700EE3933 /* Green Dark.png */; };
		24A5311225ECF01700EE3933 /* Pink.png in Resources */ = {isa = PBXBuildFile; fileRef = 24A5310925ECF01700EE3933 /* Pink.png */; };
		24A5311325ECF01700EE3933 /* Blue Dark.png in Resources */ = {isa = PBXBuildFile; fileRef = 24A5310A25ECF01700EE3933 /* Blue Dark.png */; };
		24A5311425ECF01700EE3933 /* Blue.png in Resources */ = {isa = PBXBuildFile; fileRef = 24A5310B25ECF01700EE3933 /* Blue.png */; };
		24AF4FA425EFC75D00646B60 /* DayButtonView.swift in Sources */ = {isa = PBXBuildFile; fileRef = 24AF4FA325EFC75D00646B60 /* DayButtonView.swift */; };
		24AF4FA725EFCCB600646B60 /* RoutineDetailView.swift in Sources */ = {isa = PBXBuildFile; fileRef = 24AF4FA625EFCCB500646B60 /* RoutineDetailView.swift */; };
		24D0DEB925EF916D00691E37 /* RoutinesListView.swift in Sources */ = {isa = PBXBuildFile; fileRef = 24D0DEB825EF916D00691E37 /* RoutinesListView.swift */; };
		24D0DEBD25EFA46100691E37 /* CreateRoutineView.swift in Sources */ = {isa = PBXBuildFile; fileRef = 24D0DEBC25EFA46100691E37 /* CreateRoutineView.swift */; };
/* End PBXBuildFile section */

/* Begin PBXFileReference section */
		2422DC7725F08B9D00C58CC5 /* ColorRoutineModel.swift */ = {isa = PBXFileReference; lastKnownFileType = sourcecode.swift; path = ColorRoutineModel.swift; sourceTree = "<group>"; };
		24585F6C25EE250C002A22D9 /* RoutinesItemView.swift */ = {isa = PBXFileReference; lastKnownFileType = sourcecode.swift; path = RoutinesItemView.swift; sourceTree = "<group>"; };
		24585F7625EE30A9002A22D9 /* ProgressBarView.swift */ = {isa = PBXFileReference; lastKnownFileType = sourcecode.swift; path = ProgressBarView.swift; sourceTree = "<group>"; };
		245915F925E9285B00871715 /* todo app.app */ = {isa = PBXFileReference; explicitFileType = wrapper.application; includeInIndex = 0; path = "todo app.app"; sourceTree = BUILT_PRODUCTS_DIR; };
		245915FC25E9285B00871715 /* todo_appApp.swift */ = {isa = PBXFileReference; lastKnownFileType = sourcecode.swift; path = todo_appApp.swift; sourceTree = "<group>"; };
		245915FE25E9285B00871715 /* ContentView.swift */ = {isa = PBXFileReference; lastKnownFileType = sourcecode.swift; path = ContentView.swift; sourceTree = "<group>"; };
		2459160025E9285F00871715 /* Assets.xcassets */ = {isa = PBXFileReference; lastKnownFileType = folder.assetcatalog; path = Assets.xcassets; sourceTree = "<group>"; };
		2459160325E9285F00871715 /* Preview Assets.xcassets */ = {isa = PBXFileReference; lastKnownFileType = folder.assetcatalog; path = "Preview Assets.xcassets"; sourceTree = "<group>"; };
		2459160525E9285F00871715 /* Persistence.swift */ = {isa = PBXFileReference; lastKnownFileType = sourcecode.swift; path = Persistence.swift; sourceTree = "<group>"; };
		2459160825E9285F00871715 /* todo_app.xcdatamodel */ = {isa = PBXFileReference; lastKnownFileType = wrapper.xcdatamodel; path = todo_app.xcdatamodel; sourceTree = "<group>"; };
		2459160A25E9285F00871715 /* Info.plist */ = {isa = PBXFileReference; lastKnownFileType = text.plist.xml; path = Info.plist; sourceTree = "<group>"; };
		245B489A25EB62770094C1AB /* EmptyListView.swift */ = {isa = PBXFileReference; lastKnownFileType = sourcecode.swift; path = EmptyListView.swift; sourceTree = "<group>"; };
		245B489E25EB8F0A0094C1AB /* SettingsView.swift */ = {isa = PBXFileReference; lastKnownFileType = sourcecode.swift; path = SettingsView.swift; sourceTree = "<group>"; };
		247193E225EDCECF00748C0C /* ThemeModel.swift */ = {isa = PBXFileReference; lastKnownFileType = sourcecode.swift; path = ThemeModel.swift; sourceTree = "<group>"; };
		247193E525EDCF8700748C0C /* ThemeData.swift */ = {isa = PBXFileReference; lastKnownFileType = sourcecode.swift; path = ThemeData.swift; sourceTree = "<group>"; };
		247193E825EDD0F300748C0C /* ThemeSettings.swift */ = {isa = PBXFileReference; lastKnownFileType = sourcecode.swift; path = ThemeSettings.swift; sourceTree = "<group>"; };
		2473D3EA25F07D0E009CCED5 /* Constants.swift */ = {isa = PBXFileReference; lastKnownFileType = sourcecode.swift; path = Constants.swift; sourceTree = "<group>"; };
		2473E61125E9F58A005E90F7 /* AddTodoView.swift */ = {isa = PBXFileReference; lastKnownFileType = sourcecode.swift; path = AddTodoView.swift; sourceTree = "<group>"; };
		24A530F825ECC92B00EE3933 /* FormRowStaticView.swift */ = {isa = PBXFileReference; lastKnownFileType = sourcecode.swift; path = FormRowStaticView.swift; sourceTree = "<group>"; };
		24A530FB25ECD48D00EE3933 /* FormRowLinkView.swift */ = {isa = PBXFileReference; lastKnownFileType = sourcecode.swift; path = FormRowLinkView.swift; sourceTree = "<group>"; };
		24A5310025ECEFA600EE3933 /* EditTaskView.swift */ = {isa = PBXFileReference; lastKnownFileType = sourcecode.swift; path = EditTaskView.swift; sourceTree = "<group>"; };
		24A5310325ECF01600EE3933 /* Green.png */ = {isa = PBXFileReference; lastKnownFileType = image.png; path = Green.png; sourceTree = "<group>"; };
		24A5310425ECF01600EE3933 /* Pink Dark.png */ = {isa = PBXFileReference; lastKnownFileType = image.png; path = "Pink Dark.png"; sourceTree = "<group>"; };
		24A5310525ECF01600EE3933 /* Blue Light.png */ = {isa = PBXFileReference; lastKnownFileType = image.png; path = "Blue Light.png"; sourceTree = "<group>"; };
		24A5310625ECF01600EE3933 /* Pink Light.png */ = {isa = PBXFileReference; lastKnownFileType = image.png; path = "Pink Light.png"; sourceTree = "<group>"; };
		24A5310725ECF01700EE3933 /* Green Light.png */ = {isa = PBXFileReference; lastKnownFileType = image.png; path = "Green Light.png"; sourceTree = "<group>"; };
		24A5310825ECF01700EE3933 /* Green Dark.png */ = {isa = PBXFileReference; lastKnownFileType = image.png; path = "Green Dark.png"; sourceTree = "<group>"; };
		24A5310925ECF01700EE3933 /* Pink.png */ = {isa = PBXFileReference; lastKnownFileType = image.png; path = Pink.png; sourceTree = "<group>"; };
		24A5310A25ECF01700EE3933 /* Blue Dark.png */ = {isa = PBXFileReference; lastKnownFileType = image.png; path = "Blue Dark.png"; sourceTree = "<group>"; };
		24A5310B25ECF01700EE3933 /* Blue.png */ = {isa = PBXFileReference; lastKnownFileType = image.png; path = Blue.png; sourceTree = "<group>"; };
		24AF4FA325EFC75D00646B60 /* DayButtonView.swift */ = {isa = PBXFileReference; lastKnownFileType = sourcecode.swift; path = DayButtonView.swift; sourceTree = "<group>"; };
		24AF4FA625EFCCB500646B60 /* RoutineDetailView.swift */ = {isa = PBXFileReference; lastKnownFileType = sourcecode.swift; path = RoutineDetailView.swift; sourceTree = "<group>"; };
		24D0DEB825EF916D00691E37 /* RoutinesListView.swift */ = {isa = PBXFileReference; lastKnownFileType = sourcecode.swift; path = RoutinesListView.swift; sourceTree = "<group>"; };
		24D0DEBC25EFA46100691E37 /* CreateRoutineView.swift */ = {isa = PBXFileReference; lastKnownFileType = sourcecode.swift; path = CreateRoutineView.swift; sourceTree = "<group>"; };
/* End PBXFileReference section */

/* Begin PBXFrameworksBuildPhase section */
		245915F625E9285B00871715 /* Frameworks */ = {
			isa = PBXFrameworksBuildPhase;
			buildActionMask = 2147483647;
			files = (
			);
			runOnlyForDeploymentPostprocessing = 0;
		};
/* End PBXFrameworksBuildPhase section */

/* Begin PBXGroup section */
		2422DC7625F08A5A00C58CC5 /* ColorsRoutine */ = {
			isa = PBXGroup;
			children = (
				2422DC7725F08B9D00C58CC5 /* ColorRoutineModel.swift */,
			);
			path = ColorsRoutine;
			sourceTree = "<group>";
		};
		24585F6425EE20FE002A22D9 /* Models */ = {
			isa = PBXGroup;
			children = (
				2422DC7625F08A5A00C58CC5 /* ColorsRoutine */,
				247193E025EDCE1200748C0C /* Theme */,
			);
			path = Models;
			sourceTree = "<group>";
		};
		24585F6625EE2131002A22D9 /* Settings */ = {
			isa = PBXGroup;
			children = (
				245B489E25EB8F0A0094C1AB /* SettingsView.swift */,
				24A530F825ECC92B00EE3933 /* FormRowStaticView.swift */,
				24A530FB25ECD48D00EE3933 /* FormRowLinkView.swift */,
			);
			path = Settings;
			sourceTree = "<group>";
		};
		24585F6725EE213E002A22D9 /* Tasks */ = {
			isa = PBXGroup;
			children = (
				2473E61125E9F58A005E90F7 /* AddTodoView.swift */,
				24A5310025ECEFA600EE3933 /* EditTaskView.swift */,
			);
			path = Tasks;
			sourceTree = "<group>";
		};
		24585F6925EE2148002A22D9 /* Empty View */ = {
			isa = PBXGroup;
			children = (
				245B489A25EB62770094C1AB /* EmptyListView.swift */,
			);
			path = "Empty View";
			sourceTree = "<group>";
		};
		24585F6A25EE2174002A22D9 /* Helpers */ = {
			isa = PBXGroup;
			children = (
				24585F7625EE30A9002A22D9 /* ProgressBarView.swift */,
				24AF4FA325EFC75D00646B60 /* DayButtonView.swift */,
			);
			path = Helpers;
			sourceTree = "<group>";
		};
		24585F6B25EE217D002A22D9 /* Routines */ = {
			isa = PBXGroup;
			children = (
				24585F6C25EE250C002A22D9 /* RoutinesItemView.swift */,
				24D0DEB825EF916D00691E37 /* RoutinesListView.swift */,
				24D0DEBC25EFA46100691E37 /* CreateRoutineView.swift */,
				24AF4FA625EFCCB500646B60 /* RoutineDetailView.swift */,
			);
			path = Routines;
			sourceTree = "<group>";
		};
		24585F6F25EE2681002A22D9 /* Utilities */ = {
			isa = PBXGroup;
			children = (
				2473D3EA25F07D0E009CCED5 /* Constants.swift */,
			);
			path = Utilities;
			sourceTree = "<group>";
		};
		245915F025E9285B00871715 = {
			isa = PBXGroup;
			children = (
				245915FB25E9285B00871715 /* todo app */,
				245915FA25E9285B00871715 /* Products */,
			);
			sourceTree = "<group>";
		};
		245915FA25E9285B00871715 /* Products */ = {
			isa = PBXGroup;
			children = (
				245915F925E9285B00871715 /* todo app.app */,
			);
			name = Products;
			sourceTree = "<group>";
		};
		245915FB25E9285B00871715 /* todo app */ = {
			isa = PBXGroup;
			children = (
				2459160A25E9285F00871715 /* Info.plist */,
				2459160525E9285F00871715 /* Persistence.swift */,
				245915FC25E9285B00871715 /* todo_appApp.swift */,
				2459160025E9285F00871715 /* Assets.xcassets */,
				24A530FE25ECECF500EE3933 /* Icons */,
				24585F6425EE20FE002A22D9 /* Models */,
				2459160225E9285F00871715 /* Preview Content */,
				2459160725E9285F00871715 /* todo_app.xcdatamodeld */,
				24585F6F25EE2681002A22D9 /* Utilities */,
				2473E60E25E9F571005E90F7 /* Views */,
			);
			path = "todo app";
			sourceTree = "<group>";
		};
		2459160225E9285F00871715 /* Preview Content */ = {
			isa = PBXGroup;
			children = (
				2459160325E9285F00871715 /* Preview Assets.xcassets */,
			);
			path = "Preview Content";
			sourceTree = "<group>";
		};
		247193E025EDCE1200748C0C /* Theme */ = {
			isa = PBXGroup;
			children = (
				247193E225EDCECF00748C0C /* ThemeModel.swift */,
				247193E525EDCF8700748C0C /* ThemeData.swift */,
				247193E825EDD0F300748C0C /* ThemeSettings.swift */,
			);
			path = Theme;
			sourceTree = "<group>";
		};
		2473E60E25E9F571005E90F7 /* Views */ = {
			isa = PBXGroup;
			children = (
				245915FE25E9285B00871715 /* ContentView.swift */,
				24585F6B25EE217D002A22D9 /* Routines */,
				24585F6A25EE2174002A22D9 /* Helpers */,
				24585F6725EE213E002A22D9 /* Tasks */,
				24585F6925EE2148002A22D9 /* Empty View */,
				24585F6625EE2131002A22D9 /* Settings */,
			);
			path = Views;
			sourceTree = "<group>";
		};
		24A530FE25ECECF500EE3933 /* Icons */ = {
			isa = PBXGroup;
			children = (
				24A5310A25ECF01700EE3933 /* Blue Dark.png */,
				24A5310525ECF01600EE3933 /* Blue Light.png */,
				24A5310B25ECF01700EE3933 /* Blue.png */,
				24A5310825ECF01700EE3933 /* Green Dark.png */,
				24A5310725ECF01700EE3933 /* Green Light.png */,
				24A5310325ECF01600EE3933 /* Green.png */,
				24A5310425ECF01600EE3933 /* Pink Dark.png */,
				24A5310625ECF01600EE3933 /* Pink Light.png */,
				24A5310925ECF01700EE3933 /* Pink.png */,
			);
			path = Icons;
			sourceTree = "<group>";
		};
/* End PBXGroup section */

/* Begin PBXNativeTarget section */
		245915F825E9285B00871715 /* todo app */ = {
			isa = PBXNativeTarget;
			buildConfigurationList = 2459160D25E9285F00871715 /* Build configuration list for PBXNativeTarget "todo app" */;
			buildPhases = (
				245915F525E9285B00871715 /* Sources */,
				245915F625E9285B00871715 /* Frameworks */,
				245915F725E9285B00871715 /* Resources */,
			);
			buildRules = (
			);
			dependencies = (
			);
			name = "todo app";
			productName = "todo app";
			productReference = 245915F925E9285B00871715 /* todo app.app */;
			productType = "com.apple.product-type.application";
		};
/* End PBXNativeTarget section */

/* Begin PBXProject section */
		245915F125E9285B00871715 /* Project object */ = {
			isa = PBXProject;
			attributes = {
				LastSwiftUpdateCheck = 1240;
				LastUpgradeCheck = 1240;
				TargetAttributes = {
					245915F825E9285B00871715 = {
						CreatedOnToolsVersion = 12.4;
					};
				};
			};
			buildConfigurationList = 245915F425E9285B00871715 /* Build configuration list for PBXProject "todo app" */;
			compatibilityVersion = "Xcode 9.3";
			developmentRegion = en;
			hasScannedForEncodings = 0;
			knownRegions = (
				en,
				Base,
			);
			mainGroup = 245915F025E9285B00871715;
			productRefGroup = 245915FA25E9285B00871715 /* Products */;
			projectDirPath = "";
			projectRoot = "";
			targets = (
				245915F825E9285B00871715 /* todo app */,
			);
		};
/* End PBXProject section */

/* Begin PBXResourcesBuildPhase section */
		245915F725E9285B00871715 /* Resources */ = {
			isa = PBXResourcesBuildPhase;
			buildActionMask = 2147483647;
			files = (
				24A5311225ECF01700EE3933 /* Pink.png in Resources */,
				24A5311025ECF01700EE3933 /* Green Light.png in Resources */,
				24A5310D25ECF01700EE3933 /* Pink Dark.png in Resources */,
				2459160425E9285F00871715 /* Preview Assets.xcassets in Resources */,
				24A5311325ECF01700EE3933 /* Blue Dark.png in Resources */,
				24A5310C25ECF01700EE3933 /* Green.png in Resources */,
				24A5311125ECF01700EE3933 /* Green Dark.png in Resources */,
				24A5310E25ECF01700EE3933 /* Blue Light.png in Resources */,
				2459160125E9285F00871715 /* Assets.xcassets in Resources */,
				24A5311425ECF01700EE3933 /* Blue.png in Resources */,
				24A5310F25ECF01700EE3933 /* Pink Light.png in Resources */,
			);
			runOnlyForDeploymentPostprocessing = 0;
		};
/* End PBXResourcesBuildPhase section */

/* Begin PBXSourcesBuildPhase section */
		245915F525E9285B00871715 /* Sources */ = {
			isa = PBXSourcesBuildPhase;
			buildActionMask = 2147483647;
			files = (
				24D0DEBD25EFA46100691E37 /* CreateRoutineView.swift in Sources */,
				245B489F25EB8F0A0094C1AB /* SettingsView.swift in Sources */,
				24D0DEB925EF916D00691E37 /* RoutinesListView.swift in Sources */,
				247193E925EDD0F300748C0C /* ThemeSettings.swift in Sources */,
				24A530F925ECC92B00EE3933 /* FormRowStaticView.swift in Sources */,
				24AF4FA425EFC75D00646B60 /* DayButtonView.swift in Sources */,
				24A530FC25ECD48D00EE3933 /* FormRowLinkView.swift in Sources */,
				24585F7725EE30A9002A22D9 /* ProgressBarView.swift in Sources */,
				24585F6D25EE250C002A22D9 /* RoutinesItemView.swift in Sources */,
				2422DC7825F08B9D00C58CC5 /* ColorRoutineModel.swift in Sources */,
				247193E625EDCF8700748C0C /* ThemeData.swift in Sources */,
				247193E325EDCECF00748C0C /* ThemeModel.swift in Sources */,
				2459160625E9285F00871715 /* Persistence.swift in Sources */,
				245915FF25E9285B00871715 /* ContentView.swift in Sources */,
				245B489B25EB62770094C1AB /* EmptyListView.swift in Sources */,
				245915FD25E9285B00871715 /* todo_appApp.swift in Sources */,
				2473D3EB25F07D0E009CCED5 /* Constants.swift in Sources */,
				2459160925E9285F00871715 /* todo_app.xcdatamodeld in Sources */,
				2473E61225E9F58A005E90F7 /* AddTodoView.swift in Sources */,
				24AF4FA725EFCCB600646B60 /* RoutineDetailView.swift in Sources */,
				24A5310125ECEFA600EE3933 /* EditTaskView.swift in Sources */,
			);
			runOnlyForDeploymentPostprocessing = 0;
		};
/* End PBXSourcesBuildPhase section */

/* Begin XCBuildConfiguration section */
		2459160B25E9285F00871715 /* Debug */ = {
			isa = XCBuildConfiguration;
			buildSettings = {
				ALWAYS_SEARCH_USER_PATHS = NO;
				CLANG_ANALYZER_NONNULL = YES;
				CLANG_ANALYZER_NUMBER_OBJECT_CONVERSION = YES_AGGRESSIVE;
				CLANG_CXX_LANGUAGE_STANDARD = "gnu++14";
				CLANG_CXX_LIBRARY = "libc++";
				CLANG_ENABLE_MODULES = YES;
				CLANG_ENABLE_OBJC_ARC = YES;
				CLANG_ENABLE_OBJC_WEAK = YES;
				CLANG_WARN_BLOCK_CAPTURE_AUTORELEASING = YES;
				CLANG_WARN_BOOL_CONVERSION = YES;
				CLANG_WARN_COMMA = YES;
				CLANG_WARN_CONSTANT_CONVERSION = YES;
				CLANG_WARN_DEPRECATED_OBJC_IMPLEMENTATIONS = YES;
				CLANG_WARN_DIRECT_OBJC_ISA_USAGE = YES_ERROR;
				CLANG_WARN_DOCUMENTATION_COMMENTS = YES;
				CLANG_WARN_EMPTY_BODY = YES;
				CLANG_WARN_ENUM_CONVERSION = YES;
				CLANG_WARN_INFINITE_RECURSION = YES;
				CLANG_WARN_INT_CONVERSION = YES;
				CLANG_WARN_NON_LITERAL_NULL_CONVERSION = YES;
				CLANG_WARN_OBJC_IMPLICIT_RETAIN_SELF = YES;
				CLANG_WARN_OBJC_LITERAL_CONVERSION = YES;
				CLANG_WARN_OBJC_ROOT_CLASS = YES_ERROR;
				CLANG_WARN_QUOTED_INCLUDE_IN_FRAMEWORK_HEADER = YES;
				CLANG_WARN_RANGE_LOOP_ANALYSIS = YES;
				CLANG_WARN_STRICT_PROTOTYPES = YES;
				CLANG_WARN_SUSPICIOUS_MOVE = YES;
				CLANG_WARN_UNGUARDED_AVAILABILITY = YES_AGGRESSIVE;
				CLANG_WARN_UNREACHABLE_CODE = YES;
				CLANG_WARN__DUPLICATE_METHOD_MATCH = YES;
				COPY_PHASE_STRIP = NO;
				DEBUG_INFORMATION_FORMAT = dwarf;
				ENABLE_STRICT_OBJC_MSGSEND = YES;
				ENABLE_TESTABILITY = YES;
				GCC_C_LANGUAGE_STANDARD = gnu11;
				GCC_DYNAMIC_NO_PIC = NO;
				GCC_NO_COMMON_BLOCKS = YES;
				GCC_OPTIMIZATION_LEVEL = 0;
				GCC_PREPROCESSOR_DEFINITIONS = (
					"DEBUG=1",
					"$(inherited)",
				);
				GCC_WARN_64_TO_32_BIT_CONVERSION = YES;
				GCC_WARN_ABOUT_RETURN_TYPE = YES_ERROR;
				GCC_WARN_UNDECLARED_SELECTOR = YES;
				GCC_WARN_UNINITIALIZED_AUTOS = YES_AGGRESSIVE;
				GCC_WARN_UNUSED_FUNCTION = YES;
				GCC_WARN_UNUSED_VARIABLE = YES;
				IPHONEOS_DEPLOYMENT_TARGET = 14.4;
				MTL_ENABLE_DEBUG_INFO = INCLUDE_SOURCE;
				MTL_FAST_MATH = YES;
				ONLY_ACTIVE_ARCH = YES;
				SDKROOT = iphoneos;
				SWIFT_ACTIVE_COMPILATION_CONDITIONS = DEBUG;
				SWIFT_OPTIMIZATION_LEVEL = "-Onone";
			};
			name = Debug;
		};
		2459160C25E9285F00871715 /* Release */ = {
			isa = XCBuildConfiguration;
			buildSettings = {
				ALWAYS_SEARCH_USER_PATHS = NO;
				CLANG_ANALYZER_NONNULL = YES;
				CLANG_ANALYZER_NUMBER_OBJECT_CONVERSION = YES_AGGRESSIVE;
				CLANG_CXX_LANGUAGE_STANDARD = "gnu++14";
				CLANG_CXX_LIBRARY = "libc++";
				CLANG_ENABLE_MODULES = YES;
				CLANG_ENABLE_OBJC_ARC = YES;
				CLANG_ENABLE_OBJC_WEAK = YES;
				CLANG_WARN_BLOCK_CAPTURE_AUTORELEASING = YES;
				CLANG_WARN_BOOL_CONVERSION = YES;
				CLANG_WARN_COMMA = YES;
				CLANG_WARN_CONSTANT_CONVERSION = YES;
				CLANG_WARN_DEPRECATED_OBJC_IMPLEMENTATIONS = YES;
				CLANG_WARN_DIRECT_OBJC_ISA_USAGE = YES_ERROR;
				CLANG_WARN_DOCUMENTATION_COMMENTS = YES;
				CLANG_WARN_EMPTY_BODY = YES;
				CLANG_WARN_ENUM_CONVERSION = YES;
				CLANG_WARN_INFINITE_RECURSION = YES;
				CLANG_WARN_INT_CONVERSION = YES;
				CLANG_WARN_NON_LITERAL_NULL_CONVERSION = YES;
				CLANG_WARN_OBJC_IMPLICIT_RETAIN_SELF = YES;
				CLANG_WARN_OBJC_LITERAL_CONVERSION = YES;
				CLANG_WARN_OBJC_ROOT_CLASS = YES_ERROR;
				CLANG_WARN_QUOTED_INCLUDE_IN_FRAMEWORK_HEADER = YES;
				CLANG_WARN_RANGE_LOOP_ANALYSIS = YES;
				CLANG_WARN_STRICT_PROTOTYPES = YES;
				CLANG_WARN_SUSPICIOUS_MOVE = YES;
				CLANG_WARN_UNGUARDED_AVAILABILITY = YES_AGGRESSIVE;
				CLANG_WARN_UNREACHABLE_CODE = YES;
				CLANG_WARN__DUPLICATE_METHOD_MATCH = YES;
				COPY_PHASE_STRIP = NO;
				DEBUG_INFORMATION_FORMAT = "dwarf-with-dsym";
				ENABLE_NS_ASSERTIONS = NO;
				ENABLE_STRICT_OBJC_MSGSEND = YES;
				GCC_C_LANGUAGE_STANDARD = gnu11;
				GCC_NO_COMMON_BLOCKS = YES;
				GCC_WARN_64_TO_32_BIT_CONVERSION = YES;
				GCC_WARN_ABOUT_RETURN_TYPE = YES_ERROR;
				GCC_WARN_UNDECLARED_SELECTOR = YES;
				GCC_WARN_UNINITIALIZED_AUTOS = YES_AGGRESSIVE;
				GCC_WARN_UNUSED_FUNCTION = YES;
				GCC_WARN_UNUSED_VARIABLE = YES;
				IPHONEOS_DEPLOYMENT_TARGET = 14.4;
				MTL_ENABLE_DEBUG_INFO = NO;
				MTL_FAST_MATH = YES;
				SDKROOT = iphoneos;
				SWIFT_COMPILATION_MODE = wholemodule;
				SWIFT_OPTIMIZATION_LEVEL = "-O";
				VALIDATE_PRODUCT = YES;
			};
			name = Release;
		};
		2459160E25E9285F00871715 /* Debug */ = {
			isa = XCBuildConfiguration;
			buildSettings = {
				ASSETCATALOG_COMPILER_APPICON_NAME = AppIcon;
				ASSETCATALOG_COMPILER_GLOBAL_ACCENT_COLOR_NAME = AccentColor;
				CODE_SIGN_STYLE = Automatic;
				DEVELOPMENT_ASSET_PATHS = "\"todo app/Preview Content\"";
				DEVELOPMENT_TEAM = 929LF3XGVG;
				ENABLE_PREVIEWS = YES;
				INFOPLIST_FILE = "todo app/Info.plist";
				IPHONEOS_DEPLOYMENT_TARGET = 14.0;
				LD_RUNPATH_SEARCH_PATHS = (
					"$(inherited)",
					"@executable_path/Frameworks",
				);
				PRODUCT_BUNDLE_IDENTIFIER = "com.ivanmosquera.todo-app";
				PRODUCT_NAME = "$(TARGET_NAME)";
				SWIFT_VERSION = 5.0;
				TARGETED_DEVICE_FAMILY = "1,2";
			};
			name = Debug;
		};
		2459160F25E9285F00871715 /* Release */ = {
			isa = XCBuildConfiguration;
			buildSettings = {
				ASSETCATALOG_COMPILER_APPICON_NAME = AppIcon;
				ASSETCATALOG_COMPILER_GLOBAL_ACCENT_COLOR_NAME = AccentColor;
				CODE_SIGN_STYLE = Automatic;
				DEVELOPMENT_ASSET_PATHS = "\"todo app/Preview Content\"";
				DEVELOPMENT_TEAM = 929LF3XGVG;
				ENABLE_PREVIEWS = YES;
				INFOPLIST_FILE = "todo app/Info.plist";
				IPHONEOS_DEPLOYMENT_TARGET = 14.0;
				LD_RUNPATH_SEARCH_PATHS = (
					"$(inherited)",
					"@executable_path/Frameworks",
				);
				PRODUCT_BUNDLE_IDENTIFIER = "com.ivanmosquera.todo-app";
				PRODUCT_NAME = "$(TARGET_NAME)";
				SWIFT_VERSION = 5.0;
				TARGETED_DEVICE_FAMILY = "1,2";
			};
			name = Release;
		};
/* End XCBuildConfiguration section */

/* Begin XCConfigurationList section */
		245915F425E9285B00871715 /* Build configuration list for PBXProject "todo app" */ = {
			isa = XCConfigurationList;
			buildConfigurations = (
				2459160B25E9285F00871715 /* Debug */,
				2459160C25E9285F00871715 /* Release */,
			);
			defaultConfigurationIsVisible = 0;
			defaultConfigurationName = Release;
		};
		2459160D25E9285F00871715 /* Build configuration list for PBXNativeTarget "todo app" */ = {
			isa = XCConfigurationList;
			buildConfigurations = (
				2459160E25E9285F00871715 /* Debug */,
				2459160F25E9285F00871715 /* Release */,
			);
			defaultConfigurationIsVisible = 0;
			defaultConfigurationName = Release;
		};
/* End XCConfigurationList section */

/* Begin XCVersionGroup section */
		2459160725E9285F00871715 /* todo_app.xcdatamodeld */ = {
			isa = XCVersionGroup;
			children = (
				2459160825E9285F00871715 /* todo_app.xcdatamodel */,
			);
			currentVersion = 2459160825E9285F00871715 /* todo_app.xcdatamodel */;
			path = todo_app.xcdatamodeld;
			sourceTree = "<group>";
			versionGroupType = wrapper.xcdatamodel;
		};
/* End XCVersionGroup section */
	};
	rootObject = 245915F125E9285B00871715 /* Project object */;
}
